
Microsoft Visual Studio Solution File, Format Version 12.00
# Visual Studio Version 17
VisualStudioVersion = 17.6.33801.468
MinimumVisualStudioVersion = 10.0.40219.1
Project("{FAE04EC0-301F-11D3-BF4B-00C04F79EFBC}") = "Factorial", "Factorial\Factorial.csproj", "{D19C36F1-492D-4491-A700-CE5DD2F39984}"
EndProject
Global
	GlobalSection(SolutionConfigurationPlatforms) = preSolution
		Debug|Any CPU = Debug|Any CPU
		Release|Any CPU = Release|Any CPU
	EndGlobalSection
	GlobalSection(ProjectConfigurationPlatforms) = postSolution
		{D19C36F1-492D-4491-A700-CE5DD2F39984}.Debug|Any CPU.ActiveCfg = Debug|Any CPU
		{D19C36F1-492D-4491-A700-CE5DD2F39984}.Debug|Any CPU.Build.0 = Debug|Any CPU
		{D19C36F1-492D-4491-A700-CE5DD2F39984}.Release|Any CPU.ActiveCfg = Release|Any CPU
		{D19C36F1-492D-4491-A700-CE5DD2F39984}.Release|Any CPU.Build.0 = Release|Any CPU
	EndGlobalSection
	GlobalSection(SolutionProperties) = preSolution
		HideSolutionNode = FALSE
	EndGlobalSection
	GlobalSection(ExtensibilityGlobals) = postSolution
		SolutionGuid = {C7255173-A956-4E0D-A28D-D6434992C80D}
	EndGlobalSection
EndGlobal
